
Microsoft Visual Studio Solution File, Format Version 12.00
# Visual Studio 15
VisualStudioVersion = 15.0.28307.539
MinimumVisualStudioVersion = 10.0.40219.1
Project("{8BC9CEB8-8B4A-11D0-8D11-00A0C91BC942}") = "binary_search", "binary_search\binary_search.vcxproj", "{47BA685B-7C11-408F-8603-B42FA321B940}"
EndProject
Global
	GlobalSection(SolutionConfigurationPlatforms) = preSolution
		Debug|x64 = Debug|x64
		Debug|x86 = Debug|x86
		Release|x64 = Release|x64
		Release|x86 = Release|x86
	EndGlobalSection
	GlobalSection(ProjectConfigurationPlatforms) = postSolution
		{47BA685B-7C11-408F-8603-B42FA321B940}.Debug|x64.ActiveCfg = Debug|x64
		{47BA685B-7C11-408F-8603-B42FA321B940}.Debug|x64.Build.0 = Debug|x64
		{47BA685B-7C11-408F-8603-B42FA321B940}.Debug|x86.ActiveCfg = Debug|Win32
		{47BA685B-7C11-408F-8603-B42FA321B940}.Debug|x86.Build.0 = Debug|Win32
		{47BA685B-7C11-408F-8603-B42FA321B940}.Release|x64.ActiveCfg = Release|x64
		{47BA685B-7C11-408F-8603-B42FA321B940}.Release|x64.Build.0 = Release|x64
		{47BA685B-7C11-408F-8603-B42FA321B940}.Release|x86.ActiveCfg = Release|Win32
		{47BA685B-7C11-408F-8603-B42FA321B940}.Release|x86.Build.0 = Release|Win32
	EndGlobalSection
	GlobalSection(SolutionProperties) = preSolution
		HideSolutionNode = FALSE
	EndGlobalSection
	GlobalSection(ExtensibilityGlobals) = postSolution
		SolutionGuid = {29F6D107-4D47-4D34-8B3E-819E1AAB5F79}
	EndGlobalSection
EndGlobal
